
Microsoft Visual Studio Solution File, Format Version 12.00
# Visual Studio Version 16
VisualStudioVersion = 16.0.31424.327
MinimumVisualStudioVersion = 10.0.40219.1
Project("{9A19103F-16F7-4668-BE54-9A1E7A4F7556}") = "OOP", "OOP\OOP.csproj", "{91F088E2-7AA3-4DD6-B2F0-3178CE56DEC2}"
EndProject
Global
	GlobalSection(SolutionConfigurationPlatforms) = preSolution
		Debug|Any CPU = Debug|Any CPU
		Release|Any CPU = Release|Any CPU
	EndGlobalSection
	GlobalSection(ProjectConfigurationPlatforms) = postSolution
		{91F088E2-7AA3-4DD6-B2F0-3178CE56DEC2}.Debug|Any CPU.ActiveCfg = Debug|Any CPU
		{91F088E2-7AA3-4DD6-B2F0-3178CE56DEC2}.Debug|Any CPU.Build.0 = Debug|Any CPU
		{91F088E2-7AA3-4DD6-B2F0-3178CE56DEC2}.Release|Any CPU.ActiveCfg = Release|Any CPU
		{91F088E2-7AA3-4DD6-B2F0-3178CE56DEC2}.Release|Any CPU.Build.0 = Release|Any CPU
	EndGlobalSection
	GlobalSection(SolutionProperties) = preSolution
		HideSolutionNode = FALSE
	EndGlobalSection
	GlobalSection(ExtensibilityGlobals) = postSolution
		SolutionGuid = {6F4E0B7E-6B54-4208-925C-80D962C9BFF4}
	EndGlobalSection
EndGlobal
